<?xml version="1.0" encoding="utf-8"?>
<Project ToolsVersion="4.0" xmlns="http://schemas.microsoft.com/developer/msbuild/2003">
  <ItemGroup>
    <Filter Include="Source Files">
      <UniqueIdentifier>{4FC737F1-C7A5-4376-A066-2A32D752A2FF}</UniqueIdentifier>
      <Extensions>cpp;c;cc;cxx;c++;cppm;ixx;def;odl;idl;hpj;bat;asm;asmx</Extensions>
    </Filter>
    <Filter Include="Header Files">
      <UniqueIdentifier>{93995380-89BD-4b04-88EB-625FBE52EBFB}</UniqueIdentifier>
      <Extensions>h;hh;hpp;hxx;h++;hm;inl;inc;ipp;xsd</Extensions>
    </Filter>
    <Filter Include="Resource Files">
      <UniqueIdentifier>{67DA6AB6-F800-4c08-8B7A-83BB121AAD01}</UniqueIdentifier>
      <Extensions>rc;ico;cur;bmp;dlg;rc2;rct;bin;rgs;gif;jpg;jpeg;jpe;resx;tiff;tif;png;wav;mfcribbon-ms</Extensions>
    </Filter>
  </ItemGroup>
  <ItemGroup>
    <ClCompile Include="src\main.cpp">
      <Filter>Source Files</Filter>
    </ClCompile>
    <ClCompile Include="src\ewnd.cpp">
      <Filter>Source Files</Filter>
    </ClCompile>
    <ClCompile Include="src\egapi.cpp">
      <Filter>Source Files</Filter>
    </ClCompile>
    <ClCompile Include="src\eutils.cpp">
      <Filter>Source Files</Filter>
    </ClCompile>
    <ClCompile Include="src\egraphics.cpp">
      <Filter>Source Files</Filter>
    </ClCompile>
    <ClCompile Include="src\ecs\eentity.cpp">
      <Filter>Source Files</Filter>
    </ClCompile>
    <ClCompile Include="src\world\eworld.cpp">
      <Filter>Source Files</Filter>
    </ClCompile>
    <ClCompile Include="src\world\esystems.cpp">
      <Filter>Source Files</Filter>
    </ClCompile>
    <ClCompile Include="src\graphics\emesh.cpp">
      <Filter>Source Files</Filter>
    </ClCompile>
  </ItemGroup>
  <ItemGroup>
    <ClInclude Include="include\ewnd.h">
      <Filter>Header Files</Filter>
    </ClInclude>
    <ClInclude Include="include\eutils.h">
      <Filter>Header Files</Filter>
    </ClInclude>
    <ClInclude Include="include\glmh.h">
      <Filter>Header Files</Filter>
    </ClInclude>
    <ClInclude Include="include\emath.h">
      <Filter>Header Files</Filter>
    </ClInclude>
    <ClInclude Include="include\egapi.h">
      <Filter>Header Files</Filter>
    </ClInclude>
    <ClInclude Include="include\edx11api.h">
      <Filter>Header Files</Filter>
    </ClInclude>
    <ClInclude Include="include\egraphics.h">
      <Filter>Header Files</Filter>
    </ClInclude>
    <ClInclude Include="include\ecs\eentity.h">
      <Filter>Header Files</Filter>
    </ClInclude>
    <ClInclude Include="include\ecs\eecs.h">
      <Filter>Header Files</Filter>
    </ClInclude>
    <ClInclude Include="include\ecs\ecomponent.h">
      <Filter>Header Files</Filter>
    </ClInclude>
    <ClInclude Include="include\ecs\esystem.h">
      <Filter>Header Files</Filter>
    </ClInclude>
    <ClInclude Include="include\world\ecomponents.h">
      <Filter>Header Files</Filter>
    </ClInclude>
    <ClInclude Include="include\utils\estring.h">
      <Filter>Header Files</Filter>
    </ClInclude>
    <ClInclude Include="include\utils\ecrc32.h">
      <Filter>Header Files</Filter>
    </ClInclude>
    <ClInclude Include="include\ecs\eobject.h">
      <Filter>Header Files</Filter>
    </ClInclude>
    <ClInclude Include="include\world\eworld.h">
      <Filter>Header Files</Filter>
    </ClInclude>
    <ClInclude Include="include\eheader.h">
      <Filter>Header Files</Filter>
    </ClInclude>
    <ClInclude Include="include\world\esystems.h">
      <Filter>Header Files</Filter>
    </ClInclude>
    <ClInclude Include="include\graphics\emesh.h">
      <Filter>Header Files</Filter>
    </ClInclude>
    <ClInclude Include="include\edx12api.h">
      <Filter>Header Files</Filter>
    </ClInclude>
  </ItemGroup>
</Project>